
Microsoft Visual Studio Solution File, Format Version 12.00
# Visual Studio Version 18
VisualStudioVersion = 18.0.11217.181 d18.0
MinimumVisualStudioVersion = 10.0.40219.1
Project("{FAE04EC0-301F-11D3-BF4B-00C04F79EFBC}") = "HotelBookingSystem", "HotelBookingSystem\HotelBookingSystem.csproj", "{1F39AF22-BF83-479C-8D8E-1E59AB67FF59}"
EndProject
Global
	GlobalSection(SolutionConfigurationPlatforms) = preSolution
		Debug|Any CPU = Debug|Any CPU
		Release|Any CPU = Release|Any CPU
	EndGlobalSection
	GlobalSection(ProjectConfigurationPlatforms) = postSolution
		{1F39AF22-BF83-479C-8D8E-1E59AB67FF59}.Debug|Any CPU.ActiveCfg = Debug|Any CPU
		{1F39AF22-BF83-479C-8D8E-1E59AB67FF59}.Debug|Any CPU.Build.0 = Debug|Any CPU
		{1F39AF22-BF83-479C-8D8E-1E59AB67FF59}.Release|Any CPU.ActiveCfg = Release|Any CPU
		{1F39AF22-BF83-479C-8D8E-1E59AB67FF59}.Release|Any CPU.Build.0 = Release|Any CPU
	EndGlobalSection
	GlobalSection(SolutionProperties) = preSolution
		HideSolutionNode = FALSE
	EndGlobalSection
	GlobalSection(ExtensibilityGlobals) = postSolution
		SolutionGuid = {A8CEA7E7-6EC4-443C-9AA1-3AD10F77B73D}
	EndGlobalSection
EndGlobal
